
Microsoft Visual Studio Solution File, Format Version 12.00
# Visual Studio Version 16
VisualStudioVersion = 16.0.31829.152
MinimumVisualStudioVersion = 10.0.40219.1
Project("{FAE04EC0-301F-11D3-BF4B-00C04F79EFBC}") = "Zoo.Core", "src\Zoo.Core\Zoo.Core.csproj", "{6E131DEF-5452-4126-B973-2F248413CA9D}"
EndProject
Project("{FAE04EC0-301F-11D3-BF4B-00C04F79EFBC}") = "Zoo.Core.Tests", "tests\Zoo.Core.Tests\Zoo.Core.Tests.csproj", "{72C4FE57-473E-47A4-9E8E-34AEC6DAA5DA}"
EndProject
Global
	GlobalSection(SolutionConfigurationPlatforms) = preSolution
		Debug|Any CPU = Debug|Any CPU
		Release|Any CPU = Release|Any CPU
	EndGlobalSection
	GlobalSection(ProjectConfigurationPlatforms) = postSolution
		{6E131DEF-5452-4126-B973-2F248413CA9D}.Debug|Any CPU.ActiveCfg = Debug|Any CPU
		{6E131DEF-5452-4126-B973-2F248413CA9D}.Debug|Any CPU.Build.0 = Debug|Any CPU
		{6E131DEF-5452-4126-B973-2F248413CA9D}.Release|Any CPU.ActiveCfg = Release|Any CPU
		{6E131DEF-5452-4126-B973-2F248413CA9D}.Release|Any CPU.Build.0 = Release|Any CPU
		{72C4FE57-473E-47A4-9E8E-34AEC6DAA5DA}.Debug|Any CPU.ActiveCfg = Debug|Any CPU
		{72C4FE57-473E-47A4-9E8E-34AEC6DAA5DA}.Debug|Any CPU.Build.0 = Debug|Any CPU
		{72C4FE57-473E-47A4-9E8E-34AEC6DAA5DA}.Release|Any CPU.ActiveCfg = Release|Any CPU
		{72C4FE57-473E-47A4-9E8E-34AEC6DAA5DA}.Release|Any CPU.Build.0 = Release|Any CPU
	EndGlobalSection
	GlobalSection(SolutionProperties) = preSolution
		HideSolutionNode = FALSE
	EndGlobalSection
	GlobalSection(ExtensibilityGlobals) = postSolution
		SolutionGuid = {FD56B43B-E752-4AC0-B696-07AC45F88362}
	EndGlobalSection
EndGlobal
